
Microsoft Visual Studio Solution File, Format Version 12.00
# Visual Studio 15
VisualStudioVersion = 15.0.28307.489
MinimumVisualStudioVersion = 10.0.40219.1
Project("{FAE04EC0-301F-11D3-BF4B-00C04F79EFBC}") = "EscapeMines", "EscapeMines\EscapeMines.csproj", "{1A448B04-D6EA-4B97-B937-BCDFE81053F5}"
EndProject
Project("{FAE04EC0-301F-11D3-BF4B-00C04F79EFBC}") = "EscapeMinesTest", "EscapeMinesTest\EscapeMinesTest.csproj", "{C4EB47C7-1002-481F-9BE3-140213D5274F}"
EndProject
Global
	GlobalSection(SolutionConfigurationPlatforms) = preSolution
		Debug|Any CPU = Debug|Any CPU
		Release|Any CPU = Release|Any CPU
	EndGlobalSection
	GlobalSection(ProjectConfigurationPlatforms) = postSolution
		{1A448B04-D6EA-4B97-B937-BCDFE81053F5}.Debug|Any CPU.ActiveCfg = Debug|Any CPU
		{1A448B04-D6EA-4B97-B937-BCDFE81053F5}.Debug|Any CPU.Build.0 = Debug|Any CPU
		{1A448B04-D6EA-4B97-B937-BCDFE81053F5}.Release|Any CPU.ActiveCfg = Release|Any CPU
		{1A448B04-D6EA-4B97-B937-BCDFE81053F5}.Release|Any CPU.Build.0 = Release|Any CPU
		{C4EB47C7-1002-481F-9BE3-140213D5274F}.Debug|Any CPU.ActiveCfg = Debug|Any CPU
		{C4EB47C7-1002-481F-9BE3-140213D5274F}.Debug|Any CPU.Build.0 = Debug|Any CPU
		{C4EB47C7-1002-481F-9BE3-140213D5274F}.Release|Any CPU.ActiveCfg = Release|Any CPU
		{C4EB47C7-1002-481F-9BE3-140213D5274F}.Release|Any CPU.Build.0 = Release|Any CPU
	EndGlobalSection
	GlobalSection(SolutionProperties) = preSolution
		HideSolutionNode = FALSE
	EndGlobalSection
	GlobalSection(ExtensibilityGlobals) = postSolution
		SolutionGuid = {83402D1C-DAB7-402A-B1F5-52BDAA23BFB6}
	EndGlobalSection
EndGlobal
